
Microsoft Visual Studio Solution File, Format Version 12.00
# Visual Studio 15
VisualStudioVersion = 15.0.27703.2026
MinimumVisualStudioVersion = 10.0.40219.1
Project("{FAE04EC0-301F-11D3-BF4B-00C04F79EFBC}") = "Actividad3", "Actividad3\Actividad3.csproj", "{C53BFE9E-D6E4-472B-9DBF-5A38CC1BC346}"
EndProject
Global
	GlobalSection(SolutionConfigurationPlatforms) = preSolution
		Debug|Any CPU = Debug|Any CPU
		Release|Any CPU = Release|Any CPU
	EndGlobalSection
	GlobalSection(ProjectConfigurationPlatforms) = postSolution
		{C53BFE9E-D6E4-472B-9DBF-5A38CC1BC346}.Debug|Any CPU.ActiveCfg = Debug|Any CPU
		{C53BFE9E-D6E4-472B-9DBF-5A38CC1BC346}.Debug|Any CPU.Build.0 = Debug|Any CPU
		{C53BFE9E-D6E4-472B-9DBF-5A38CC1BC346}.Release|Any CPU.ActiveCfg = Release|Any CPU
		{C53BFE9E-D6E4-472B-9DBF-5A38CC1BC346}.Release|Any CPU.Build.0 = Release|Any CPU
	EndGlobalSection
	GlobalSection(SolutionProperties) = preSolution
		HideSolutionNode = FALSE
	EndGlobalSection
	GlobalSection(ExtensibilityGlobals) = postSolution
		SolutionGuid = {26A4323E-5899-4346-8D80-46CF8DC4BB43}
	EndGlobalSection
EndGlobal
